
Microsoft Visual Studio Solution File, Format Version 12.00
Project("{2150E333-8FDC-42A3-9474-1A3956D46DE8}") = "0_Solution_Items", "0_Solution_Items", "{74A5F48F-8C51-4A88-AF4B-0D204BD7003C}"
	ProjectSection(SolutionItems) = preProject
		Directory.Build.props = Directory.Build.props
		docker-compose.yml = docker-compose.yml
		README.md = README.md
		..\.gitignore = ..\.gitignore
		Dockerfile = Dockerfile
		..\.dockerignore = ..\.dockerignore
	EndProjectSection
EndProject
Project("{2150E333-8FDC-42A3-9474-1A3956D46DE8}") = "1_App", "1_App", "{17D28591-36B1-436E-BC33-DA8D5E6ABBE2}"
EndProject
Project("{2150E333-8FDC-42A3-9474-1A3956D46DE8}") = "2_Base", "2_Base", "{58585D7E-AFBF-4929-8313-8323548E79E4}"
EndProject
Project("{FAE04EC0-301F-11D3-BF4B-00C04F79EFBC}") = "App.DAL.EF", "App.DAL.EF\App.DAL.EF.csproj", "{C517A059-9368-4F36-B968-BDE052A2786C}"
EndProject
Project("{FAE04EC0-301F-11D3-BF4B-00C04F79EFBC}") = "App.Domain", "App.Domain\App.Domain.csproj", "{72A65417-255A-4EDD-B123-5A4BB3358DB9}"
EndProject
Project("{FAE04EC0-301F-11D3-BF4B-00C04F79EFBC}") = "WebApp", "WebApp\WebApp.csproj", "{0DAB4F52-F227-4D77-9D49-553E3E358736}"
EndProject
Project("{FAE04EC0-301F-11D3-BF4B-00C04F79EFBC}") = "Base.Contracts.DAL", "Base.Contracts.DAL\Base.Contracts.DAL.csproj", "{F69F6DCB-2F0C-4133-B7CF-30B29DCE874C}"
EndProject
Project("{FAE04EC0-301F-11D3-BF4B-00C04F79EFBC}") = "Base.Contracts.Domain", "Base.Contracts.Domain\Base.Contracts.Domain.csproj", "{F3B19FF1-0DF7-4656-B9BC-7824CAED9EB0}"
EndProject
Project("{FAE04EC0-301F-11D3-BF4B-00C04F79EFBC}") = "Base.DAL.EF", "Base.DAL.EF\Base.DAL.EF.csproj", "{BDE3354E-3D75-4126-8B5E-7D62CE19712F}"
EndProject
Project("{FAE04EC0-301F-11D3-BF4B-00C04F79EFBC}") = "Base.Domain", "Base.Domain\Base.Domain.csproj", "{6C57614A-F5DB-4A66-A993-AF7480C65EC7}"
EndProject
Project("{FAE04EC0-301F-11D3-BF4B-00C04F79EFBC}") = "App.Contracts.DAL", "App.Contracts.DAL\App.Contracts.DAL.csproj", "{F3ADE87F-FC68-465F-ACCE-DB0E45F71DC3}"
EndProject
Project("{FAE04EC0-301F-11D3-BF4B-00C04F79EFBC}") = "Helpers", "Helpers\Helpers.csproj", "{ED3660A1-6C7E-4794-A875-B899B899B5E1}"
EndProject
Project("{FAE04EC0-301F-11D3-BF4B-00C04F79EFBC}") = "Base.Resources", "Base.Resources\Base.Resources.csproj", "{1D351A0A-42CD-4422-9503-07F6E21B8C1B}"
EndProject
Project("{FAE04EC0-301F-11D3-BF4B-00C04F79EFBC}") = "App.Resources", "App.Resources\App.Resources.csproj", "{9167ED65-F0A6-4C62-811C-6C9287107799}"
EndProject
Project("{FAE04EC0-301F-11D3-BF4B-00C04F79EFBC}") = "App.DTO", "App.DTO\App.DTO.csproj", "{DBAFF4D4-D73B-4492-86FA-B39AA54DAC08}"
EndProject
Project("{FAE04EC0-301F-11D3-BF4B-00C04F79EFBC}") = "App.DAL.DTO", "App.DAL.DTO\App.DAL.DTO.csproj", "{93DEC21D-7053-4D94-A5DB-55BD3C36E4DC}"
EndProject
Project("{FAE04EC0-301F-11D3-BF4B-00C04F79EFBC}") = "App.BLL", "App.BLL\App.BLL.csproj", "{8DF5AA03-CD3E-4592-BB12-4F0B197B97B5}"
EndProject
Project("{FAE04EC0-301F-11D3-BF4B-00C04F79EFBC}") = "App.BLL.DTO", "App.BLL.DTO\App.BLL.DTO.csproj", "{9FC41011-F5DD-4F43-81DB-9EF1FACE1C7D}"
EndProject
Project("{FAE04EC0-301F-11D3-BF4B-00C04F79EFBC}") = "App.Contracts.BLL", "App.Contracts.BLL\App.Contracts.BLL.csproj", "{E7F9DDBB-B193-4A88-B26C-DA11153B98C4}"
EndProject
Project("{FAE04EC0-301F-11D3-BF4B-00C04F79EFBC}") = "Base.BLL", "Base.BLL\Base.BLL.csproj", "{CA8824EB-E3C0-499F-8D93-E3EA0CE84F39}"
EndProject
Project("{FAE04EC0-301F-11D3-BF4B-00C04F79EFBC}") = "Base.Contracts.BLL", "Base.Contracts.BLL\Base.Contracts.BLL.csproj", "{FD947148-94C0-49EB-9E75-1B7AB65723AF}"
EndProject
Project("{FAE04EC0-301F-11D3-BF4B-00C04F79EFBC}") = "Base.Test", "Base.Test\Base.Test.csproj", "{E91D0CC7-2712-43AB-A6BD-ADBF303550D0}"
EndProject
Project("{FAE04EC0-301F-11D3-BF4B-00C04F79EFBC}") = "App.Test", "App.Test\App.Test.csproj", "{E935C618-A7ED-4CA1-B815-84F1D8C1CE65}"
EndProject
Global
	GlobalSection(SolutionConfigurationPlatforms) = preSolution
		Debug|Any CPU = Debug|Any CPU
		Release|Any CPU = Release|Any CPU
	EndGlobalSection
	GlobalSection(ProjectConfigurationPlatforms) = postSolution
		{C517A059-9368-4F36-B968-BDE052A2786C}.Debug|Any CPU.ActiveCfg = Debug|Any CPU
		{C517A059-9368-4F36-B968-BDE052A2786C}.Debug|Any CPU.Build.0 = Debug|Any CPU
		{C517A059-9368-4F36-B968-BDE052A2786C}.Release|Any CPU.ActiveCfg = Release|Any CPU
		{C517A059-9368-4F36-B968-BDE052A2786C}.Release|Any CPU.Build.0 = Release|Any CPU
		{72A65417-255A-4EDD-B123-5A4BB3358DB9}.Debug|Any CPU.ActiveCfg = Debug|Any CPU
		{72A65417-255A-4EDD-B123-5A4BB3358DB9}.Debug|Any CPU.Build.0 = Debug|Any CPU
		{72A65417-255A-4EDD-B123-5A4BB3358DB9}.Release|Any CPU.ActiveCfg = Release|Any CPU
		{72A65417-255A-4EDD-B123-5A4BB3358DB9}.Release|Any CPU.Build.0 = Release|Any CPU
		{0DAB4F52-F227-4D77-9D49-553E3E358736}.Debug|Any CPU.ActiveCfg = Debug|Any CPU
		{0DAB4F52-F227-4D77-9D49-553E3E358736}.Debug|Any CPU.Build.0 = Debug|Any CPU
		{0DAB4F52-F227-4D77-9D49-553E3E358736}.Release|Any CPU.ActiveCfg = Release|Any CPU
		{0DAB4F52-F227-4D77-9D49-553E3E358736}.Release|Any CPU.Build.0 = Release|Any CPU
		{F69F6DCB-2F0C-4133-B7CF-30B29DCE874C}.Debug|Any CPU.ActiveCfg = Debug|Any CPU
		{F69F6DCB-2F0C-4133-B7CF-30B29DCE874C}.Debug|Any CPU.Build.0 = Debug|Any CPU
		{F69F6DCB-2F0C-4133-B7CF-30B29DCE874C}.Release|Any CPU.ActiveCfg = Release|Any CPU
		{F69F6DCB-2F0C-4133-B7CF-30B29DCE874C}.Release|Any CPU.Build.0 = Release|Any CPU
		{F3B19FF1-0DF7-4656-B9BC-7824CAED9EB0}.Debug|Any CPU.ActiveCfg = Debug|Any CPU
		{F3B19FF1-0DF7-4656-B9BC-7824CAED9EB0}.Debug|Any CPU.Build.0 = Debug|Any CPU
		{F3B19FF1-0DF7-4656-B9BC-7824CAED9EB0}.Release|Any CPU.ActiveCfg = Release|Any CPU
		{F3B19FF1-0DF7-4656-B9BC-7824CAED9EB0}.Release|Any CPU.Build.0 = Release|Any CPU
		{BDE3354E-3D75-4126-8B5E-7D62CE19712F}.Debug|Any CPU.ActiveCfg = Debug|Any CPU
		{BDE3354E-3D75-4126-8B5E-7D62CE19712F}.Debug|Any CPU.Build.0 = Debug|Any CPU
		{BDE3354E-3D75-4126-8B5E-7D62CE19712F}.Release|Any CPU.ActiveCfg = Release|Any CPU
		{BDE3354E-3D75-4126-8B5E-7D62CE19712F}.Release|Any CPU.Build.0 = Release|Any CPU
		{6C57614A-F5DB-4A66-A993-AF7480C65EC7}.Debug|Any CPU.ActiveCfg = Debug|Any CPU
		{6C57614A-F5DB-4A66-A993-AF7480C65EC7}.Debug|Any CPU.Build.0 = Debug|Any CPU
		{6C57614A-F5DB-4A66-A993-AF7480C65EC7}.Release|Any CPU.ActiveCfg = Release|Any CPU
		{6C57614A-F5DB-4A66-A993-AF7480C65EC7}.Release|Any CPU.Build.0 = Release|Any CPU
		{F3ADE87F-FC68-465F-ACCE-DB0E45F71DC3}.Debug|Any CPU.ActiveCfg = Debug|Any CPU
		{F3ADE87F-FC68-465F-ACCE-DB0E45F71DC3}.Debug|Any CPU.Build.0 = Debug|Any CPU
		{F3ADE87F-FC68-465F-ACCE-DB0E45F71DC3}.Release|Any CPU.ActiveCfg = Release|Any CPU
		{F3ADE87F-FC68-465F-ACCE-DB0E45F71DC3}.Release|Any CPU.Build.0 = Release|Any CPU
		{ED3660A1-6C7E-4794-A875-B899B899B5E1}.Debug|Any CPU.ActiveCfg = Debug|Any CPU
		{ED3660A1-6C7E-4794-A875-B899B899B5E1}.Debug|Any CPU.Build.0 = Debug|Any CPU
		{ED3660A1-6C7E-4794-A875-B899B899B5E1}.Release|Any CPU.ActiveCfg = Release|Any CPU
		{ED3660A1-6C7E-4794-A875-B899B899B5E1}.Release|Any CPU.Build.0 = Release|Any CPU
		{1D351A0A-42CD-4422-9503-07F6E21B8C1B}.Debug|Any CPU.ActiveCfg = Debug|Any CPU
		{1D351A0A-42CD-4422-9503-07F6E21B8C1B}.Debug|Any CPU.Build.0 = Debug|Any CPU
		{1D351A0A-42CD-4422-9503-07F6E21B8C1B}.Release|Any CPU.ActiveCfg = Release|Any CPU
		{1D351A0A-42CD-4422-9503-07F6E21B8C1B}.Release|Any CPU.Build.0 = Release|Any CPU
		{9167ED65-F0A6-4C62-811C-6C9287107799}.Debug|Any CPU.ActiveCfg = Debug|Any CPU
		{9167ED65-F0A6-4C62-811C-6C9287107799}.Debug|Any CPU.Build.0 = Debug|Any CPU
		{9167ED65-F0A6-4C62-811C-6C9287107799}.Release|Any CPU.ActiveCfg = Release|Any CPU
		{9167ED65-F0A6-4C62-811C-6C9287107799}.Release|Any CPU.Build.0 = Release|Any CPU
		{DBAFF4D4-D73B-4492-86FA-B39AA54DAC08}.Debug|Any CPU.ActiveCfg = Debug|Any CPU
		{DBAFF4D4-D73B-4492-86FA-B39AA54DAC08}.Debug|Any CPU.Build.0 = Debug|Any CPU
		{DBAFF4D4-D73B-4492-86FA-B39AA54DAC08}.Release|Any CPU.ActiveCfg = Release|Any CPU
		{DBAFF4D4-D73B-4492-86FA-B39AA54DAC08}.Release|Any CPU.Build.0 = Release|Any CPU
		{93DEC21D-7053-4D94-A5DB-55BD3C36E4DC}.Debug|Any CPU.ActiveCfg = Debug|Any CPU
		{93DEC21D-7053-4D94-A5DB-55BD3C36E4DC}.Debug|Any CPU.Build.0 = Debug|Any CPU
		{93DEC21D-7053-4D94-A5DB-55BD3C36E4DC}.Release|Any CPU.ActiveCfg = Release|Any CPU
		{93DEC21D-7053-4D94-A5DB-55BD3C36E4DC}.Release|Any CPU.Build.0 = Release|Any CPU
		{8DF5AA03-CD3E-4592-BB12-4F0B197B97B5}.Debug|Any CPU.ActiveCfg = Debug|Any CPU
		{8DF5AA03-CD3E-4592-BB12-4F0B197B97B5}.Debug|Any CPU.Build.0 = Debug|Any CPU
		{8DF5AA03-CD3E-4592-BB12-4F0B197B97B5}.Release|Any CPU.ActiveCfg = Release|Any CPU
		{8DF5AA03-CD3E-4592-BB12-4F0B197B97B5}.Release|Any CPU.Build.0 = Release|Any CPU
		{9FC41011-F5DD-4F43-81DB-9EF1FACE1C7D}.Debug|Any CPU.ActiveCfg = Debug|Any CPU
		{9FC41011-F5DD-4F43-81DB-9EF1FACE1C7D}.Debug|Any CPU.Build.0 = Debug|Any CPU
		{9FC41011-F5DD-4F43-81DB-9EF1FACE1C7D}.Release|Any CPU.ActiveCfg = Release|Any CPU
		{9FC41011-F5DD-4F43-81DB-9EF1FACE1C7D}.Release|Any CPU.Build.0 = Release|Any CPU
		{E7F9DDBB-B193-4A88-B26C-DA11153B98C4}.Debug|Any CPU.ActiveCfg = Debug|Any CPU
		{E7F9DDBB-B193-4A88-B26C-DA11153B98C4}.Debug|Any CPU.Build.0 = Debug|Any CPU
		{E7F9DDBB-B193-4A88-B26C-DA11153B98C4}.Release|Any CPU.ActiveCfg = Release|Any CPU
		{E7F9DDBB-B193-4A88-B26C-DA11153B98C4}.Release|Any CPU.Build.0 = Release|Any CPU
		{CA8824EB-E3C0-499F-8D93-E3EA0CE84F39}.Debug|Any CPU.ActiveCfg = Debug|Any CPU
		{CA8824EB-E3C0-499F-8D93-E3EA0CE84F39}.Debug|Any CPU.Build.0 = Debug|Any CPU
		{CA8824EB-E3C0-499F-8D93-E3EA0CE84F39}.Release|Any CPU.ActiveCfg = Release|Any CPU
		{CA8824EB-E3C0-499F-8D93-E3EA0CE84F39}.Release|Any CPU.Build.0 = Release|Any CPU
		{FD947148-94C0-49EB-9E75-1B7AB65723AF}.Debug|Any CPU.ActiveCfg = Debug|Any CPU
		{FD947148-94C0-49EB-9E75-1B7AB65723AF}.Debug|Any CPU.Build.0 = Debug|Any CPU
		{FD947148-94C0-49EB-9E75-1B7AB65723AF}.Release|Any CPU.ActiveCfg = Release|Any CPU
		{FD947148-94C0-49EB-9E75-1B7AB65723AF}.Release|Any CPU.Build.0 = Release|Any CPU
		{E91D0CC7-2712-43AB-A6BD-ADBF303550D0}.Debug|Any CPU.ActiveCfg = Debug|Any CPU
		{E91D0CC7-2712-43AB-A6BD-ADBF303550D0}.Debug|Any CPU.Build.0 = Debug|Any CPU
		{E91D0CC7-2712-43AB-A6BD-ADBF303550D0}.Release|Any CPU.ActiveCfg = Release|Any CPU
		{E91D0CC7-2712-43AB-A6BD-ADBF303550D0}.Release|Any CPU.Build.0 = Release|Any CPU
		{E935C618-A7ED-4CA1-B815-84F1D8C1CE65}.Debug|Any CPU.ActiveCfg = Debug|Any CPU
		{E935C618-A7ED-4CA1-B815-84F1D8C1CE65}.Debug|Any CPU.Build.0 = Debug|Any CPU
		{E935C618-A7ED-4CA1-B815-84F1D8C1CE65}.Release|Any CPU.ActiveCfg = Release|Any CPU
		{E935C618-A7ED-4CA1-B815-84F1D8C1CE65}.Release|Any CPU.Build.0 = Release|Any CPU
	EndGlobalSection
	GlobalSection(NestedProjects) = preSolution
		{C517A059-9368-4F36-B968-BDE052A2786C} = {17D28591-36B1-436E-BC33-DA8D5E6ABBE2}
		{72A65417-255A-4EDD-B123-5A4BB3358DB9} = {17D28591-36B1-436E-BC33-DA8D5E6ABBE2}
		{0DAB4F52-F227-4D77-9D49-553E3E358736} = {17D28591-36B1-436E-BC33-DA8D5E6ABBE2}
		{F69F6DCB-2F0C-4133-B7CF-30B29DCE874C} = {58585D7E-AFBF-4929-8313-8323548E79E4}
		{F3B19FF1-0DF7-4656-B9BC-7824CAED9EB0} = {58585D7E-AFBF-4929-8313-8323548E79E4}
		{BDE3354E-3D75-4126-8B5E-7D62CE19712F} = {58585D7E-AFBF-4929-8313-8323548E79E4}
		{6C57614A-F5DB-4A66-A993-AF7480C65EC7} = {58585D7E-AFBF-4929-8313-8323548E79E4}
		{F3ADE87F-FC68-465F-ACCE-DB0E45F71DC3} = {17D28591-36B1-436E-BC33-DA8D5E6ABBE2}
		{ED3660A1-6C7E-4794-A875-B899B899B5E1} = {58585D7E-AFBF-4929-8313-8323548E79E4}
		{1D351A0A-42CD-4422-9503-07F6E21B8C1B} = {58585D7E-AFBF-4929-8313-8323548E79E4}
		{9167ED65-F0A6-4C62-811C-6C9287107799} = {17D28591-36B1-436E-BC33-DA8D5E6ABBE2}
		{DBAFF4D4-D73B-4492-86FA-B39AA54DAC08} = {17D28591-36B1-436E-BC33-DA8D5E6ABBE2}
		{93DEC21D-7053-4D94-A5DB-55BD3C36E4DC} = {17D28591-36B1-436E-BC33-DA8D5E6ABBE2}
		{8DF5AA03-CD3E-4592-BB12-4F0B197B97B5} = {17D28591-36B1-436E-BC33-DA8D5E6ABBE2}
		{9FC41011-F5DD-4F43-81DB-9EF1FACE1C7D} = {17D28591-36B1-436E-BC33-DA8D5E6ABBE2}
		{E7F9DDBB-B193-4A88-B26C-DA11153B98C4} = {17D28591-36B1-436E-BC33-DA8D5E6ABBE2}
		{CA8824EB-E3C0-499F-8D93-E3EA0CE84F39} = {58585D7E-AFBF-4929-8313-8323548E79E4}
		{FD947148-94C0-49EB-9E75-1B7AB65723AF} = {58585D7E-AFBF-4929-8313-8323548E79E4}
		{E91D0CC7-2712-43AB-A6BD-ADBF303550D0} = {58585D7E-AFBF-4929-8313-8323548E79E4}
		{E935C618-A7ED-4CA1-B815-84F1D8C1CE65} = {17D28591-36B1-436E-BC33-DA8D5E6ABBE2}
	EndGlobalSection
EndGlobal
